// !$*UTF8*$!
{
	archiveVersion = 1;
	classes = {
	};
	objectVersion = 51;
	objects = {

/* Begin PBXBuildFile section */
		1E69FB972405FDE2008480CE /* AppDelegate.swift in Sources */ = {isa = PBXBuildFile; fileRef = 1E69FB962405FDE2008480CE /* AppDelegate.swift */; };
		1E69FB992405FDE2008480CE /* SceneDelegate.swift in Sources */ = {isa = PBXBuildFile; fileRef = 1E69FB982405FDE2008480CE /* SceneDelegate.swift */; };
		1E69FB9E2405FDE2008480CE /* Main.storyboard in Resources */ = {isa = PBXBuildFile; fileRef = 1E69FB9C2405FDE2008480CE /* Main.storyboard */; };
		1E69FBA02405FDE4008480CE /* Assets.xcassets in Resources */ = {isa = PBXBuildFile; fileRef = 1E69FB9F2405FDE4008480CE /* Assets.xcassets */; };
		1E69FBA32405FDE4008480CE /* LaunchScreen.storyboard in Resources */ = {isa = PBXBuildFile; fileRef = 1E69FBA12405FDE4008480CE /* LaunchScreen.storyboard */; };
		1E69FBAE2405FDE4008480CE /* ParstagramTests.swift in Sources */ = {isa = PBXBuildFile; fileRef = 1E69FBAD2405FDE4008480CE /* ParstagramTests.swift */; };
		1E69FBB92405FDE4008480CE /* ParstagramUITests.swift in Sources */ = {isa = PBXBuildFile; fileRef = 1E69FBB82405FDE4008480CE /* ParstagramUITests.swift */; };
		1E6E2851240627330077BAF8 /* LoginViewController.swift in Sources */ = {isa = PBXBuildFile; fileRef = 1E6E2850240627330077BAF8 /* LoginViewController.swift */; };
		1E6E2853240627390077BAF8 /* FeedViewController.swift in Sources */ = {isa = PBXBuildFile; fileRef = 1E6E2852240627390077BAF8 /* FeedViewController.swift */; };
		1E6E285524062D660077BAF8 /* CameraViewController.swift in Sources */ = {isa = PBXBuildFile; fileRef = 1E6E285424062D660077BAF8 /* CameraViewController.swift */; };
		1E6E2857240646750077BAF8 /* PostCell.swift in Sources */ = {isa = PBXBuildFile; fileRef = 1E6E2856240646750077BAF8 /* PostCell.swift */; };
		31D851EFFC4A29B2D8A33E8C /* Pods_Parstagram_ParstagramUITests.framework in Frameworks */ = {isa = PBXBuildFile; fileRef = 5A2CFA3A1A8B822A09312440 /* Pods_Parstagram_ParstagramUITests.framework */; };
		52A22AC199A0D620D6B30F20 /* Pods_Parstagram.framework in Frameworks */ = {isa = PBXBuildFile; fileRef = 118F768FB2DE1C63756CB455 /* Pods_Parstagram.framework */; };
		BB70520A02BA7A6F546E5F53 /* Pods_ParstagramTests.framework in Frameworks */ = {isa = PBXBuildFile; fileRef = D0E4B1D848DA32490A5C971C /* Pods_ParstagramTests.framework */; };
/* End PBXBuildFile section */

/* Begin PBXContainerItemProxy section */
		1E69FBAA2405FDE4008480CE /* PBXContainerItemProxy */ = {
			isa = PBXContainerItemProxy;
			containerPortal = 1E69FB8B2405FDE2008480CE /* Project object */;
			proxyType = 1;
			remoteGlobalIDString = 1E69FB922405FDE2008480CE;
			remoteInfo = Parstagram;
		};
		1E69FBB52405FDE4008480CE /* PBXContainerItemProxy */ = {
			isa = PBXContainerItemProxy;
			containerPortal = 1E69FB8B2405FDE2008480CE /* Project object */;
			proxyType = 1;
			remoteGlobalIDString = 1E69FB922405FDE2008480CE;
			remoteInfo = Parstagram;
		};
/* End PBXContainerItemProxy section */

/* Begin PBXFileReference section */
		118F768FB2DE1C63756CB455 /* Pods_Parstagram.framework */ = {isa = PBXFileReference; explicitFileType = wrapper.framework; includeInIndex = 0; path = Pods_Parstagram.framework; sourceTree = BUILT_PRODUCTS_DIR; };
		1E69FB932405FDE2008480CE /* Parstagram.app */ = {isa = PBXFileReference; explicitFileType = wrapper.application; includeInIndex = 0; path = Parstagram.app; sourceTree = BUILT_PRODUCTS_DIR; };
		1E69FB962405FDE2008480CE /* AppDelegate.swift */ = {isa = PBXFileReference; lastKnownFileType = sourcecode.swift; path = AppDelegate.swift; sourceTree = "<group>"; };
		1E69FB982405FDE2008480CE /* SceneDelegate.swift */ = {isa = PBXFileReference; lastKnownFileType = sourcecode.swift; path = SceneDelegate.swift; sourceTree = "<group>"; };
		1E69FB9D2405FDE2008480CE /* Base */ = {isa = PBXFileReference; lastKnownFileType = file.storyboard; name = Base; path = Base.lproj/Main.storyboard; sourceTree = "<group>"; };
		1E69FB9F2405FDE4008480CE /* Assets.xcassets */ = {isa = PBXFileReference; lastKnownFileType = folder.assetcatalog; path = Assets.xcassets; sourceTree = "<group>"; };
		1E69FBA22405FDE4008480CE /* Base */ = {isa = PBXFileReference; lastKnownFileType = file.storyboard; name = Base; path = Base.lproj/LaunchScreen.storyboard; sourceTree = "<group>"; };
		1E69FBA42405FDE4008480CE /* Info.plist */ = {isa = PBXFileReference; lastKnownFileType = text.plist.xml; path = Info.plist; sourceTree = "<group>"; };
		1E69FBA92405FDE4008480CE /* ParstagramTests.xctest */ = {isa = PBXFileReference; explicitFileType = wrapper.cfbundle; includeInIndex = 0; path = ParstagramTests.xctest; sourceTree = BUILT_PRODUCTS_DIR; };
		1E69FBAD2405FDE4008480CE /* ParstagramTests.swift */ = {isa = PBXFileReference; lastKnownFileType = sourcecode.swift; path = ParstagramTests.swift; sourceTree = "<group>"; };
		1E69FBAF2405FDE4008480CE /* Info.plist */ = {isa = PBXFileReference; lastKnownFileType = text.plist.xml; path = Info.plist; sourceTree = "<group>"; };
		1E69FBB42405FDE4008480CE /* ParstagramUITests.xctest */ = {isa = PBXFileReference; explicitFileType = wrapper.cfbundle; includeInIndex = 0; path = ParstagramUITests.xctest; sourceTree = BUILT_PRODUCTS_DIR; };
		1E69FBB82405FDE4008480CE /* ParstagramUITests.swift */ = {isa = PBXFileReference; lastKnownFileType = sourcecode.swift; path = ParstagramUITests.swift; sourceTree = "<group>"; };
		1E69FBBA2405FDE4008480CE /* Info.plist */ = {isa = PBXFileReference; lastKnownFileType = text.plist.xml; path = Info.plist; sourceTree = "<group>"; };
		1E6E2850240627330077BAF8 /* LoginViewController.swift */ = {isa = PBXFileReference; lastKnownFileType = sourcecode.swift; path = LoginViewController.swift; sourceTree = "<group>"; };
		1E6E2852240627390077BAF8 /* FeedViewController.swift */ = {isa = PBXFileReference; lastKnownFileType = sourcecode.swift; path = FeedViewController.swift; sourceTree = "<group>"; };
		1E6E285424062D660077BAF8 /* CameraViewController.swift */ = {isa = PBXFileReference; lastKnownFileType = sourcecode.swift; path = CameraViewController.swift; sourceTree = "<group>"; };
		1E6E2856240646750077BAF8 /* PostCell.swift */ = {isa = PBXFileReference; lastKnownFileType = sourcecode.swift; path = PostCell.swift; sourceTree = "<group>"; };
		2DC4408309F4EA9DBB9739F1 /* Pods-ParstagramTests.debug.xcconfig */ = {isa = PBXFileReference; includeInIndex = 1; lastKnownFileType = text.xcconfig; name = "Pods-ParstagramTests.debug.xcconfig"; path = "Target Support Files/Pods-ParstagramTests/Pods-ParstagramTests.debug.xcconfig"; sourceTree = "<group>"; };
		4C14C8BF93B8B61A6143E9C2 /* Pods-ParstagramTests.release.xcconfig */ = {isa = PBXFileReference; includeInIndex = 1; lastKnownFileType = text.xcconfig; name = "Pods-ParstagramTests.release.xcconfig"; path = "Target Support Files/Pods-ParstagramTests/Pods-ParstagramTests.release.xcconfig"; sourceTree = "<group>"; };
		5A2CFA3A1A8B822A09312440 /* Pods_Parstagram_ParstagramUITests.framework */ = {isa = PBXFileReference; explicitFileType = wrapper.framework; includeInIndex = 0; path = Pods_Parstagram_ParstagramUITests.framework; sourceTree = BUILT_PRODUCTS_DIR; };
		6364B3321926164C8536BEFB /* Pods-Parstagram.release.xcconfig */ = {isa = PBXFileReference; includeInIndex = 1; lastKnownFileType = text.xcconfig; name = "Pods-Parstagram.release.xcconfig"; path = "Target Support Files/Pods-Parstagram/Pods-Parstagram.release.xcconfig"; sourceTree = "<group>"; };
		927C98543387717CBC6F4172 /* Pods-Parstagram.debug.xcconfig */ = {isa = PBXFileReference; includeInIndex = 1; lastKnownFileType = text.xcconfig; name = "Pods-Parstagram.debug.xcconfig"; path = "Target Support Files/Pods-Parstagram/Pods-Parstagram.debug.xcconfig"; sourceTree = "<group>"; };
		D0E4B1D848DA32490A5C971C /* Pods_ParstagramTests.framework */ = {isa = PBXFileReference; explicitFileType = wrapper.framework; includeInIndex = 0; path = Pods_ParstagramTests.framework; sourceTree = BUILT_PRODUCTS_DIR; };
		ED42674F6CBECC85481FAEF8 /* Pods-Parstagram-ParstagramUITests.debug.xcconfig */ = {isa = PBXFileReference; includeInIndex = 1; lastKnownFileType = text.xcconfig; name = "Pods-Parstagram-ParstagramUITests.debug.xcconfig"; path = "Target Support Files/Pods-Parstagram-ParstagramUITests/Pods-Parstagram-ParstagramUITests.debug.xcconfig"; sourceTree = "<group>"; };
		F2081FE8D3C07F53BDE0EFC2 /* Pods-Parstagram-ParstagramUITests.release.xcconfig */ = {isa = PBXFileReference; includeInIndex = 1; lastKnownFileType = text.xcconfig; name = "Pods-Parstagram-ParstagramUITests.release.xcconfig"; path = "Target Support Files/Pods-Parstagram-ParstagramUITests/Pods-Parstagram-ParstagramUITests.release.xcconfig"; sourceTree = "<group>"; };
/* End PBXFileReference section */

/* Begin PBXFrameworksBuildPhase section */
		1E69FB902405FDE2008480CE /* Frameworks */ = {
			isa = PBXFrameworksBuildPhase;
			buildActionMask = 2147483647;
			files = (
				52A22AC199A0D620D6B30F20 /* Pods_Parstagram.framework in Frameworks */,
			);
			runOnlyForDeploymentPostprocessing = 0;
		};
		1E69FBA62405FDE4008480CE /* Frameworks */ = {
			isa = PBXFrameworksBuildPhase;
			buildActionMask = 2147483647;
			files = (
				BB70520A02BA7A6F546E5F53 /* Pods_ParstagramTests.framework in Frameworks */,
			);
			runOnlyForDeploymentPostprocessing = 0;
		};
		1E69FBB12405FDE4008480CE /* Frameworks */ = {
			isa = PBXFrameworksBuildPhase;
			buildActionMask = 2147483647;
			files = (
				31D851EFFC4A29B2D8A33E8C /* Pods_Parstagram_ParstagramUITests.framework in Frameworks */,
			);
			runOnlyForDeploymentPostprocessing = 0;
		};
/* End PBXFrameworksBuildPhase section */

/* Begin PBXGroup section */
		1E69FB8A2405FDE2008480CE = {
			isa = PBXGroup;
			children = (
				1E69FB952405FDE2008480CE /* Parstagram */,
				1E69FBAC2405FDE4008480CE /* ParstagramTests */,
				1E69FBB72405FDE4008480CE /* ParstagramUITests */,
				1E69FB942405FDE2008480CE /* Products */,
				EBD69C4B40397FFC34903345 /* Pods */,
				9B3F16345183B83DFE38FCEA /* Frameworks */,
			);
			sourceTree = "<group>";
		};
		1E69FB942405FDE2008480CE /* Products */ = {
			isa = PBXGroup;
			children = (
				1E69FB932405FDE2008480CE /* Parstagram.app */,
				1E69FBA92405FDE4008480CE /* ParstagramTests.xctest */,
				1E69FBB42405FDE4008480CE /* ParstagramUITests.xctest */,
			);
			name = Products;
			sourceTree = "<group>";
		};
		1E69FB952405FDE2008480CE /* Parstagram */ = {
			isa = PBXGroup;
			children = (
				1E69FB962405FDE2008480CE /* AppDelegate.swift */,
				1E69FB982405FDE2008480CE /* SceneDelegate.swift */,
				1E69FB9C2405FDE2008480CE /* Main.storyboard */,
				1E69FB9F2405FDE4008480CE /* Assets.xcassets */,
				1E69FBA12405FDE4008480CE /* LaunchScreen.storyboard */,
				1E69FBA42405FDE4008480CE /* Info.plist */,
				1E6E2850240627330077BAF8 /* LoginViewController.swift */,
				1E6E2852240627390077BAF8 /* FeedViewController.swift */,
				1E6E285424062D660077BAF8 /* CameraViewController.swift */,
				1E6E2856240646750077BAF8 /* PostCell.swift */,
			);
			path = Parstagram;
			sourceTree = "<group>";
		};
		1E69FBAC2405FDE4008480CE /* ParstagramTests */ = {
			isa = PBXGroup;
			children = (
				1E69FBAD2405FDE4008480CE /* ParstagramTests.swift */,
				1E69FBAF2405FDE4008480CE /* Info.plist */,
			);
			path = ParstagramTests;
			sourceTree = "<group>";
		};
		1E69FBB72405FDE4008480CE /* ParstagramUITests */ = {
			isa = PBXGroup;
			children = (
				1E69FBB82405FDE4008480CE /* ParstagramUITests.swift */,
				1E69FBBA2405FDE4008480CE /* Info.plist */,
			);
			path = ParstagramUITests;
			sourceTree = "<group>";
		};
		9B3F16345183B83DFE38FCEA /* Frameworks */ = {
			isa = PBXGroup;
			children = (
				118F768FB2DE1C63756CB455 /* Pods_Parstagram.framework */,
				5A2CFA3A1A8B822A09312440 /* Pods_Parstagram_ParstagramUITests.framework */,
				D0E4B1D848DA32490A5C971C /* Pods_ParstagramTests.framework */,
			);
			name = Frameworks;
			sourceTree = "<group>";
		};
		EBD69C4B40397FFC34903345 /* Pods */ = {
			isa = PBXGroup;
			children = (
				927C98543387717CBC6F4172 /* Pods-Parstagram.debug.xcconfig */,
				6364B3321926164C8536BEFB /* Pods-Parstagram.release.xcconfig */,
				ED42674F6CBECC85481FAEF8 /* Pods-Parstagram-ParstagramUITests.debug.xcconfig */,
				F2081FE8D3C07F53BDE0EFC2 /* Pods-Parstagram-ParstagramUITests.release.xcconfig */,
				2DC4408309F4EA9DBB9739F1 /* Pods-ParstagramTests.debug.xcconfig */,
				4C14C8BF93B8B61A6143E9C2 /* Pods-ParstagramTests.release.xcconfig */,
			);
			path = Pods;
			sourceTree = "<group>";
		};
/* End PBXGroup section */

/* Begin PBXNativeTarget section */
		1E69FB922405FDE2008480CE /* Parstagram */ = {
			isa = PBXNativeTarget;
			buildConfigurationList = 1E69FBBD2405FDE4008480CE /* Build configuration list for PBXNativeTarget "Parstagram" */;
			buildPhases = (
				75A3EBB173B5646D4F881BAB /* [CP] Check Pods Manifest.lock */,
				1E69FB8F2405FDE2008480CE /* Sources */,
				1E69FB902405FDE2008480CE /* Frameworks */,
				1E69FB912405FDE2008480CE /* Resources */,
				005764179BD1BAA11812C525 /* [CP] Embed Pods Frameworks */,
			);
			buildRules = (
			);
			dependencies = (
			);
			name = Parstagram;
			productName = Parstagram;
			productReference = 1E69FB932405FDE2008480CE /* Parstagram.app */;
			productType = "com.apple.product-type.application";
		};
		1E69FBA82405FDE4008480CE /* ParstagramTests */ = {
			isa = PBXNativeTarget;
			buildConfigurationList = 1E69FBC02405FDE4008480CE /* Build configuration list for PBXNativeTarget "ParstagramTests" */;
			buildPhases = (
				91925833E73BA97FEFA1785A /* [CP] Check Pods Manifest.lock */,
				1E69FBA52405FDE4008480CE /* Sources */,
				1E69FBA62405FDE4008480CE /* Frameworks */,
				1E69FBA72405FDE4008480CE /* Resources */,
			);
			buildRules = (
			);
			dependencies = (
				1E69FBAB2405FDE4008480CE /* PBXTargetDependency */,
			);
			name = ParstagramTests;
			productName = ParstagramTests;
			productReference = 1E69FBA92405FDE4008480CE /* ParstagramTests.xctest */;
			productType = "com.apple.product-type.bundle.unit-test";
		};
		1E69FBB32405FDE4008480CE /* ParstagramUITests */ = {
			isa = PBXNativeTarget;
			buildConfigurationList = 1E69FBC32405FDE4008480CE /* Build configuration list for PBXNativeTarget "ParstagramUITests" */;
			buildPhases = (
				75531C29FF2AD614797053BE /* [CP] Check Pods Manifest.lock */,
				1E69FBB02405FDE4008480CE /* Sources */,
				1E69FBB12405FDE4008480CE /* Frameworks */,
				1E69FBB22405FDE4008480CE /* Resources */,
				932CDE94CF0F458B74840C82 /* [CP] Embed Pods Frameworks */,
			);
			buildRules = (
			);
			dependencies = (
				1E69FBB62405FDE4008480CE /* PBXTargetDependency */,
			);
			name = ParstagramUITests;
			productName = ParstagramUITests;
			productReference = 1E69FBB42405FDE4008480CE /* ParstagramUITests.xctest */;
			productType = "com.apple.product-type.bundle.ui-testing";
		};
/* End PBXNativeTarget section */

/* Begin PBXProject section */
		1E69FB8B2405FDE2008480CE /* Project object */ = {
			isa = PBXProject;
			attributes = {
				LastSwiftUpdateCheck = 1130;
				LastUpgradeCheck = 1130;
				ORGANIZATIONNAME = "Luhao Wang";
				TargetAttributes = {
					1E69FB922405FDE2008480CE = {
						CreatedOnToolsVersion = 11.3.1;
					};
					1E69FBA82405FDE4008480CE = {
						CreatedOnToolsVersion = 11.3.1;
						TestTargetID = 1E69FB922405FDE2008480CE;
					};
					1E69FBB32405FDE4008480CE = {
						CreatedOnToolsVersion = 11.3.1;
						TestTargetID = 1E69FB922405FDE2008480CE;
					};
				};
			};
			buildConfigurationList = 1E69FB8E2405FDE2008480CE /* Build configuration list for PBXProject "Parstagram" */;
			compatibilityVersion = "Xcode 9.3";
			developmentRegion = en;
			hasScannedForEncodings = 0;
			knownRegions = (
				en,
				Base,
			);
			mainGroup = 1E69FB8A2405FDE2008480CE;
			productRefGroup = 1E69FB942405FDE2008480CE /* Products */;
			projectDirPath = "";
			projectRoot = "";
			targets = (
				1E69FB922405FDE2008480CE /* Parstagram */,
				1E69FBA82405FDE4008480CE /* ParstagramTests */,
				1E69FBB32405FDE4008480CE /* ParstagramUITests */,
			);
		};
/* End PBXProject section */

/* Begin PBXResourcesBuildPhase section */
		1E69FB912405FDE2008480CE /* Resources */ = {
			isa = PBXResourcesBuildPhase;
			buildActionMask = 2147483647;
			files = (
				1E69FBA32405FDE4008480CE /* LaunchScreen.storyboard in Resources */,
				1E69FBA02405FDE4008480CE /* Assets.xcassets in Resources */,
				1E69FB9E2405FDE2008480CE /* Main.storyboard in Resources */,
			);
			runOnlyForDeploymentPostprocessing = 0;
		};
		1E69FBA72405FDE4008480CE /* Resources */ = {
			isa = PBXResourcesBuildPhase;
			buildActionMask = 2147483647;
			files = (
			);
			runOnlyForDeploymentPostprocessing = 0;
		};
		1E69FBB22405FDE4008480CE /* Resources */ = {
			isa = PBXResourcesBuildPhase;
			buildActionMask = 2147483647;
			files = (
			);
			runOnlyForDeploymentPostprocessing = 0;
		};
/* End PBXResourcesBuildPhase section */

/* Begin PBXShellScriptBuildPhase section */
		005764179BD1BAA11812C525 /* [CP] Embed Pods Frameworks */ = {
			isa = PBXShellScriptBuildPhase;
			buildActionMask = 2147483647;
			files = (
			);
			inputFileListPaths = (
				"${PODS_ROOT}/Target Support Files/Pods-Parstagram/Pods-Parstagram-frameworks-${CONFIGURATION}-input-files.xcfilelist",
			);
			name = "[CP] Embed Pods Frameworks";
			outputFileListPaths = (
				"${PODS_ROOT}/Target Support Files/Pods-Parstagram/Pods-Parstagram-frameworks-${CONFIGURATION}-output-files.xcfilelist",
			);
			runOnlyForDeploymentPostprocessing = 0;
			shellPath = /bin/sh;
			shellScript = "\"${PODS_ROOT}/Target Support Files/Pods-Parstagram/Pods-Parstagram-frameworks.sh\"\n";
			showEnvVarsInLog = 0;
		};
		75531C29FF2AD614797053BE /* [CP] Check Pods Manifest.lock */ = {
			isa = PBXShellScriptBuildPhase;
			buildActionMask = 2147483647;
			files = (
			);
			inputFileListPaths = (
			);
			inputPaths = (
				"${PODS_PODFILE_DIR_PATH}/Podfile.lock",
				"${PODS_ROOT}/Manifest.lock",
			);
			name = "[CP] Check Pods Manifest.lock";
			outputFileListPaths = (
			);
			outputPaths = (
				"$(DERIVED_FILE_DIR)/Pods-Parstagram-ParstagramUITests-checkManifestLockResult.txt",
			);
			runOnlyForDeploymentPostprocessing = 0;
			shellPath = /bin/sh;
			shellScript = "diff \"${PODS_PODFILE_DIR_PATH}/Podfile.lock\" \"${PODS_ROOT}/Manifest.lock\" > /dev/null\nif [ $? != 0 ] ; then\n    # print error to STDERR\n    echo \"error: The sandbox is not in sync with the Podfile.lock. Run 'pod install' or update your CocoaPods installation.\" >&2\n    exit 1\nfi\n# This output is used by Xcode 'outputs' to avoid re-running this script phase.\necho \"SUCCESS\" > \"${SCRIPT_OUTPUT_FILE_0}\"\n";
			showEnvVarsInLog = 0;
		};
		75A3EBB173B5646D4F881BAB /* [CP] Check Pods Manifest.lock */ = {
			isa = PBXShellScriptBuildPhase;
			buildActionMask = 2147483647;
			files = (
			);
			inputFileListPaths = (
			);
			inputPaths = (
				"${PODS_PODFILE_DIR_PATH}/Podfile.lock",
				"${PODS_ROOT}/Manifest.lock",
			);
			name = "[CP] Check Pods Manifest.lock";
			outputFileListPaths = (
			);
			outputPaths = (
				"$(DERIVED_FILE_DIR)/Pods-Parstagram-checkManifestLockResult.txt",
			);
			runOnlyForDeploymentPostprocessing = 0;
			shellPath = /bin/sh;
			shellScript = "diff \"${PODS_PODFILE_DIR_PATH}/Podfile.lock\" \"${PODS_ROOT}/Manifest.lock\" > /dev/null\nif [ $? != 0 ] ; then\n    # print error to STDERR\n    echo \"error: The sandbox is not in sync with the Podfile.lock. Run 'pod install' or update your CocoaPods installation.\" >&2\n    exit 1\nfi\n# This output is used by Xcode 'outputs' to avoid re-running this script phase.\necho \"SUCCESS\" > \"${SCRIPT_OUTPUT_FILE_0}\"\n";
			showEnvVarsInLog = 0;
		};
		91925833E73BA97FEFA1785A /* [CP] Check Pods Manifest.lock */ = {
			isa = PBXShellScriptBuildPhase;
			buildActionMask = 2147483647;
			files = (
			);
			inputFileListPaths = (
			);
			inputPaths = (
				"${PODS_PODFILE_DIR_PATH}/Podfile.lock",
				"${PODS_ROOT}/Manifest.lock",
			);
			name = "[CP] Check Pods Manifest.lock";
			outputFileListPaths = (
			);
			outputPaths = (
				"$(DERIVED_FILE_DIR)/Pods-ParstagramTests-checkManifestLockResult.txt",
			);
			runOnlyForDeploymentPostprocessing = 0;
			shellPath = /bin/sh;
			shellScript = "diff \"${PODS_PODFILE_DIR_PATH}/Podfile.lock\" \"${PODS_ROOT}/Manifest.lock\" > /dev/null\nif [ $? != 0 ] ; then\n    # print error to STDERR\n    echo \"error: The sandbox is not in sync with the Podfile.lock. Run 'pod install' or update your CocoaPods installation.\" >&2\n    exit 1\nfi\n# This output is used by Xcode 'outputs' to avoid re-running this script phase.\necho \"SUCCESS\" > \"${SCRIPT_OUTPUT_FILE_0}\"\n";
			showEnvVarsInLog = 0;
		};
		932CDE94CF0F458B74840C82 /* [CP] Embed Pods Frameworks */ = {
			isa = PBXShellScriptBuildPhase;
			buildActionMask = 2147483647;
			files = (
			);
			inputFileListPaths = (
				"${PODS_ROOT}/Target Support Files/Pods-Parstagram-ParstagramUITests/Pods-Parstagram-ParstagramUITests-frameworks-${CONFIGURATION}-input-files.xcfilelist",
			);
			name = "[CP] Embed Pods Frameworks";
			outputFileListPaths = (
				"${PODS_ROOT}/Target Support Files/Pods-Parstagram-ParstagramUITests/Pods-Parstagram-ParstagramUITests-frameworks-${CONFIGURATION}-output-files.xcfilelist",
			);
			runOnlyForDeploymentPostprocessing = 0;
			shellPath = /bin/sh;
			shellScript = "\"${PODS_ROOT}/Target Support Files/Pods-Parstagram-ParstagramUITests/Pods-Parstagram-ParstagramUITests-frameworks.sh\"\n";
			showEnvVarsInLog = 0;
		};
/* End PBXShellScriptBuildPhase section */

/* Begin PBXSourcesBuildPhase section */
		1E69FB8F2405FDE2008480CE /* Sources */ = {
			isa = PBXSourcesBuildPhase;
			buildActionMask = 2147483647;
			files = (
				1E6E2851240627330077BAF8 /* LoginViewController.swift in Sources */,
				1E6E285524062D660077BAF8 /* CameraViewController.swift in Sources */,
				1E69FB972405FDE2008480CE /* AppDelegate.swift in Sources */,
				1E6E2853240627390077BAF8 /* FeedViewController.swift in Sources */,
				1E69FB992405FDE2008480CE /* SceneDelegate.swift in Sources */,
				1E6E2857240646750077BAF8 /* PostCell.swift in Sources */,
			);
			runOnlyForDeploymentPostprocessing = 0;
		};
		1E69FBA52405FDE4008480CE /* Sources */ = {
			isa = PBXSourcesBuildPhase;
			buildActionMask = 2147483647;
			files = (
				1E69FBAE2405FDE4008480CE /* ParstagramTests.swift in Sources */,
			);
			runOnlyForDeploymentPostprocessing = 0;
		};
		1E69FBB02405FDE4008480CE /* Sources */ = {
			isa = PBXSourcesBuildPhase;
			buildActionMask = 2147483647;
			files = (
				1E69FBB92405FDE4008480CE /* ParstagramUITests.swift in Sources */,
			);
			runOnlyForDeploymentPostprocessing = 0;
		};
/* End PBXSourcesBuildPhase section */

/* Begin PBXTargetDependency section */
		1E69FBAB2405FDE4008480CE /* PBXTargetDependency */ = {
			isa = PBXTargetDependency;
			target = 1E69FB922405FDE2008480CE /* Parstagram */;
			targetProxy = 1E69FBAA2405FDE4008480CE /* PBXContainerItemProxy */;
		};
		1E69FBB62405FDE4008480CE /* PBXTargetDependency */ = {
			isa = PBXTargetDependency;
			target = 1E69FB922405FDE2008480CE /* Parstagram */;
			targetProxy = 1E69FBB52405FDE4008480CE /* PBXContainerItemProxy */;
		};
/* End PBXTargetDependency section */

/* Begin PBXVariantGroup section */
		1E69FB9C2405FDE2008480CE /* Main.storyboard */ = {
			isa = PBXVariantGroup;
			children = (
				1E69FB9D2405FDE2008480CE /* Base */,
			);
			name = Main.storyboard;
			sourceTree = "<group>";
		};
		1E69FBA12405FDE4008480CE /* LaunchScreen.storyboard */ = {
			isa = PBXVariantGroup;
			children = (
				1E69FBA22405FDE4008480CE /* Base */,
			);
			name = LaunchScreen.storyboard;
			sourceTree = "<group>";
		};
/* End PBXVariantGroup section */

/* Begin XCBuildConfiguration section */
		1E69FBBB2405FDE4008480CE /* Debug */ = {
			isa = XCBuildConfiguration;
			buildSettings = {
				ALWAYS_SEARCH_USER_PATHS = NO;
				CLANG_ANALYZER_NONNULL = YES;
				CLANG_ANALYZER_NUMBER_OBJECT_CONVERSION = YES_AGGRESSIVE;
				CLANG_CXX_LANGUAGE_STANDARD = "gnu++14";
				CLANG_CXX_LIBRARY = "libc++";
				CLANG_ENABLE_MODULES = YES;
				CLANG_ENABLE_OBJC_ARC = YES;
				CLANG_ENABLE_OBJC_WEAK = YES;
				CLANG_WARN_BLOCK_CAPTURE_AUTORELEASING = YES;
				CLANG_WARN_BOOL_CONVERSION = YES;
				CLANG_WARN_COMMA = YES;
				CLANG_WARN_CONSTANT_CONVERSION = YES;
				CLANG_WARN_DEPRECATED_OBJC_IMPLEMENTATIONS = YES;
				CLANG_WARN_DIRECT_OBJC_ISA_USAGE = YES_ERROR;
				CLANG_WARN_DOCUMENTATION_COMMENTS = YES;
				CLANG_WARN_EMPTY_BODY = YES;
				CLANG_WARN_ENUM_CONVERSION = YES;
				CLANG_WARN_INFINITE_RECURSION = YES;
				CLANG_WARN_INT_CONVERSION = YES;
				CLANG_WARN_NON_LITERAL_NULL_CONVERSION = YES;
				CLANG_WARN_OBJC_IMPLICIT_RETAIN_SELF = YES;
				CLANG_WARN_OBJC_LITERAL_CONVERSION = YES;
				CLANG_WARN_OBJC_ROOT_CLASS = YES_ERROR;
				CLANG_WARN_RANGE_LOOP_ANALYSIS = YES;
				CLANG_WARN_STRICT_PROTOTYPES = YES;
				CLANG_WARN_SUSPICIOUS_MOVE = YES;
				CLANG_WARN_UNGUARDED_AVAILABILITY = YES_AGGRESSIVE;
				CLANG_WARN_UNREACHABLE_CODE = YES;
				CLANG_WARN__DUPLICATE_METHOD_MATCH = YES;
				COPY_PHASE_STRIP = NO;
				DEBUG_INFORMATION_FORMAT = dwarf;
				ENABLE_STRICT_OBJC_MSGSEND = YES;
				ENABLE_TESTABILITY = YES;
				GCC_C_LANGUAGE_STANDARD = gnu11;
				GCC_DYNAMIC_NO_PIC = NO;
				GCC_NO_COMMON_BLOCKS = YES;
				GCC_OPTIMIZATION_LEVEL = 0;
				GCC_PREPROCESSOR_DEFINITIONS = (
					"DEBUG=1",
					"$(inherited)",
				);
				GCC_WARN_64_TO_32_BIT_CONVERSION = YES;
				GCC_WARN_ABOUT_RETURN_TYPE = YES_ERROR;
				GCC_WARN_UNDECLARED_SELECTOR = YES;
				GCC_WARN_UNINITIALIZED_AUTOS = YES_AGGRESSIVE;
				GCC_WARN_UNUSED_FUNCTION = YES;
				GCC_WARN_UNUSED_VARIABLE = YES;
				IPHONEOS_DEPLOYMENT_TARGET = 13.2;
				MTL_ENABLE_DEBUG_INFO = INCLUDE_SOURCE;
				MTL_FAST_MATH = YES;
				ONLY_ACTIVE_ARCH = YES;
				SDKROOT = iphoneos;
				SWIFT_ACTIVE_COMPILATION_CONDITIONS = DEBUG;
				SWIFT_OPTIMIZATION_LEVEL = "-Onone";
			};
			name = Debug;
		};
		1E69FBBC2405FDE4008480CE /* Release */ = {
			isa = XCBuildConfiguration;
			buildSettings = {
				ALWAYS_SEARCH_USER_PATHS = NO;
				CLANG_ANALYZER_NONNULL = YES;
				CLANG_ANALYZER_NUMBER_OBJECT_CONVERSION = YES_AGGRESSIVE;
				CLANG_CXX_LANGUAGE_STANDARD = "gnu++14";
				CLANG_CXX_LIBRARY = "libc++";
				CLANG_ENABLE_MODULES = YES;
				CLANG_ENABLE_OBJC_ARC = YES;
				CLANG_ENABLE_OBJC_WEAK = YES;
				CLANG_WARN_BLOCK_CAPTURE_AUTORELEASING = YES;
				CLANG_WARN_BOOL_CONVERSION = YES;
				CLANG_WARN_COMMA = YES;
				CLANG_WARN_CONSTANT_CONVERSION = YES;
				CLANG_WARN_DEPRECATED_OBJC_IMPLEMENTATIONS = YES;
				CLANG_WARN_DIRECT_OBJC_ISA_USAGE = YES_ERROR;
				CLANG_WARN_DOCUMENTATION_COMMENTS = YES;
				CLANG_WARN_EMPTY_BODY = YES;
				CLANG_WARN_ENUM_CONVERSION = YES;
				CLANG_WARN_INFINITE_RECURSION = YES;
				CLANG_WARN_INT_CONVERSION = YES;
				CLANG_WARN_NON_LITERAL_NULL_CONVERSION = YES;
				CLANG_WARN_OBJC_IMPLICIT_RETAIN_SELF = YES;
				CLANG_WARN_OBJC_LITERAL_CONVERSION = YES;
				CLANG_WARN_OBJC_ROOT_CLASS = YES_ERROR;
				CLANG_WARN_RANGE_LOOP_ANALYSIS = YES;
				CLANG_WARN_STRICT_PROTOTYPES = YES;
				CLANG_WARN_SUSPICIOUS_MOVE = YES;
				CLANG_WARN_UNGUARDED_AVAILABILITY = YES_AGGRESSIVE;
				CLANG_WARN_UNREACHABLE_CODE = YES;
				CLANG_WARN__DUPLICATE_METHOD_MATCH = YES;
				COPY_PHASE_STRIP = NO;
				DEBUG_INFORMATION_FORMAT = "dwarf-with-dsym";
				ENABLE_NS_ASSERTIONS = NO;
				ENABLE_STRICT_OBJC_MSGSEND = YES;
				GCC_C_LANGUAGE_STANDARD = gnu11;
				GCC_NO_COMMON_BLOCKS = YES;
				GCC_WARN_64_TO_32_BIT_CONVERSION = YES;
				GCC_WARN_ABOUT_RETURN_TYPE = YES_ERROR;
				GCC_WARN_UNDECLARED_SELECTOR = YES;
				GCC_WARN_UNINITIALIZED_AUTOS = YES_AGGRESSIVE;
				GCC_WARN_UNUSED_FUNCTION = YES;
				GCC_WARN_UNUSED_VARIABLE = YES;
				IPHONEOS_DEPLOYMENT_TARGET = 13.2;
				MTL_ENABLE_DEBUG_INFO = NO;
				MTL_FAST_MATH = YES;
				SDKROOT = iphoneos;
				SWIFT_COMPILATION_MODE = wholemodule;
				SWIFT_OPTIMIZATION_LEVEL = "-O";
				VALIDATE_PRODUCT = YES;
			};
			name = Release;
		};
		1E69FBBE2405FDE4008480CE /* Debug */ = {
			isa = XCBuildConfiguration;
			baseConfigurationReference = 927C98543387717CBC6F4172 /* Pods-Parstagram.debug.xcconfig */;
			buildSettings = {
				ASSETCATALOG_COMPILER_APPICON_NAME = AppIcon;
				CODE_SIGN_STYLE = Automatic;
				DEVELOPMENT_TEAM = MC92QLL494;
				INFOPLIST_FILE = Parstagram/Info.plist;
				LD_RUNPATH_SEARCH_PATHS = (
					"$(inherited)",
					"@executable_path/Frameworks",
				);
				PRODUCT_BUNDLE_IDENTIFIER = hwang.Parstagram;
				PRODUCT_NAME = "$(TARGET_NAME)";
				SWIFT_VERSION = 5.0;
				TARGETED_DEVICE_FAMILY = "1,2";
			};
			name = Debug;
		};
		1E69FBBF2405FDE4008480CE /* Release */ = {
			isa = XCBuildConfiguration;
			baseConfigurationReference = 6364B3321926164C8536BEFB /* Pods-Parstagram.release.xcconfig */;
			buildSettings = {
				ASSETCATALOG_COMPILER_APPICON_NAME = AppIcon;
				CODE_SIGN_STYLE = Automatic;
				DEVELOPMENT_TEAM = MC92QLL494;
				INFOPLIST_FILE = Parstagram/Info.plist;
				LD_RUNPATH_SEARCH_PATHS = (
					"$(inherited)",
					"@executable_path/Frameworks",
				);
				PRODUCT_BUNDLE_IDENTIFIER = hwang.Parstagram;
				PRODUCT_NAME = "$(TARGET_NAME)";
				SWIFT_VERSION = 5.0;
				TARGETED_DEVICE_FAMILY = "1,2";
			};
			name = Release;
		};
		1E69FBC12405FDE4008480CE /* Debug */ = {
			isa = XCBuildConfiguration;
			baseConfigurationReference = 2DC4408309F4EA9DBB9739F1 /* Pods-ParstagramTests.debug.xcconfig */;
			buildSettings = {
				ALWAYS_EMBED_SWIFT_STANDARD_LIBRARIES = YES;
				BUNDLE_LOADER = "$(TEST_HOST)";
				CODE_SIGN_STYLE = Automatic;
				DEVELOPMENT_TEAM = MC92QLL494;
				INFOPLIST_FILE = ParstagramTests/Info.plist;
				IPHONEOS_DEPLOYMENT_TARGET = 13.2;
				LD_RUNPATH_SEARCH_PATHS = (
					"$(inherited)",
					"@executable_path/Frameworks",
					"@loader_path/Frameworks",
				);
				PRODUCT_BUNDLE_IDENTIFIER = hwang.ParstagramTests;
				PRODUCT_NAME = "$(TARGET_NAME)";
				SWIFT_VERSION = 5.0;
				TARGETED_DEVICE_FAMILY = "1,2";
				TEST_HOST = "$(BUILT_PRODUCTS_DIR)/Parstagram.app/Parstagram";
			};
			name = Debug;
		};
		1E69FBC22405FDE4008480CE /* Release */ = {
			isa = XCBuildConfiguration;
			baseConfigurationReference = 4C14C8BF93B8B61A6143E9C2 /* Pods-ParstagramTests.release.xcconfig */;
			buildSettings = {
				ALWAYS_EMBED_SWIFT_STANDARD_LIBRARIES = YES;
				BUNDLE_LOADER = "$(TEST_HOST)";
				CODE_SIGN_STYLE = Automatic;
				DEVELOPMENT_TEAM = MC92QLL494;
				INFOPLIST_FILE = ParstagramTests/Info.plist;
				IPHONEOS_DEPLOYMENT_TARGET = 13.2;
				LD_RUNPATH_SEARCH_PATHS = (
					"$(inherited)",
					"@executable_path/Frameworks",
					"@loader_path/Frameworks",
				);
				PRODUCT_BUNDLE_IDENTIFIER = hwang.ParstagramTests;
				PRODUCT_NAME = "$(TARGET_NAME)";
				SWIFT_VERSION = 5.0;
				TARGETED_DEVICE_FAMILY = "1,2";
				TEST_HOST = "$(BUILT_PRODUCTS_DIR)/Parstagram.app/Parstagram";
			};
			name = Release;
		};
		1E69FBC42405FDE4008480CE /* Debug */ = {
			isa = XCBuildConfiguration;
			baseConfigurationReference = ED42674F6CBECC85481FAEF8 /* Pods-Parstagram-ParstagramUITests.debug.xcconfig */;
			buildSettings = {
				ALWAYS_EMBED_SWIFT_STANDARD_LIBRARIES = YES;
				CODE_SIGN_STYLE = Automatic;
				DEVELOPMENT_TEAM = MC92QLL494;
				INFOPLIST_FILE = ParstagramUITests/Info.plist;
				LD_RUNPATH_SEARCH_PATHS = (
					"$(inherited)",
					"@executable_path/Frameworks",
					"@loader_path/Frameworks",
				);
				PRODUCT_BUNDLE_IDENTIFIER = hwang.ParstagramUITests;
				PRODUCT_NAME = "$(TARGET_NAME)";
				SWIFT_VERSION = 5.0;
				TARGETED_DEVICE_FAMILY = "1,2";
				TEST_TARGET_NAME = Parstagram;
			};
			name = Debug;
		};
		1E69FBC52405FDE4008480CE /* Release */ = {
			isa = XCBuildConfiguration;
			baseConfigurationReference = F2081FE8D3C07F53BDE0EFC2 /* Pods-Parstagram-ParstagramUITests.release.xcconfig */;
			buildSettings = {
				ALWAYS_EMBED_SWIFT_STANDARD_LIBRARIES = YES;
				CODE_SIGN_STYLE = Automatic;
				DEVELOPMENT_TEAM = MC92QLL494;
				INFOPLIST_FILE = ParstagramUITests/Info.plist;
				LD_RUNPATH_SEARCH_PATHS = (
					"$(inherited)",
					"@executable_path/Frameworks",
					"@loader_path/Frameworks",
				);
				PRODUCT_BUNDLE_IDENTIFIER = hwang.ParstagramUITests;
				PRODUCT_NAME = "$(TARGET_NAME)";
				SWIFT_VERSION = 5.0;
				TARGETED_DEVICE_FAMILY = "1,2";
				TEST_TARGET_NAME = Parstagram;
			};
			name = Release;
		};
/* End XCBuildConfiguration section */

/* Begin XCConfigurationList section */
		1E69FB8E2405FDE2008480CE /* Build configuration list for PBXProject "Parstagram" */ = {
			isa = XCConfigurationList;
			buildConfigurations = (
				1E69FBBB2405FDE4008480CE /* Debug */,
				1E69FBBC2405FDE4008480CE /* Release */,
			);
			defaultConfigurationIsVisible = 0;
			defaultConfigurationName = Release;
		};
		1E69FBBD2405FDE4008480CE /* Build configuration list for PBXNativeTarget "Parstagram" */ = {
			isa = XCConfigurationList;
			buildConfigurations = (
				1E69FBBE2405FDE4008480CE /* Debug */,
				1E69FBBF2405FDE4008480CE /* Release */,
			);
			defaultConfigurationIsVisible = 0;
			defaultConfigurationName = Release;
		};
		1E69FBC02405FDE4008480CE /* Build configuration list for PBXNativeTarget "ParstagramTests" */ = {
			isa = XCConfigurationList;
			buildConfigurations = (
				1E69FBC12405FDE4008480CE /* Debug */,
				1E69FBC22405FDE4008480CE /* Release */,
			);
			defaultConfigurationIsVisible = 0;
			defaultConfigurationName = Release;
		};
		1E69FBC32405FDE4008480CE /* Build configuration list for PBXNativeTarget "ParstagramUITests" */ = {
			isa = XCConfigurationList;
			buildConfigurations = (
				1E69FBC42405FDE4008480CE /* Debug */,
				1E69FBC52405FDE4008480CE /* Release */,
			);
			defaultConfigurationIsVisible = 0;
			defaultConfigurationName = Release;
		};
/* End XCConfigurationList section */
	};
	rootObject = 1E69FB8B2405FDE2008480CE /* Project object */;
}
